
Microsoft Visual Studio Solution File, Format Version 10.00
# Visual Studio 2008
Project("{FAE04EC0-301F-11D3-BF4B-00C04F79EFBC}") = "BasicMathOperations", "BasicMathOperations\BasicMathOperations.csproj", "{D3727E25-3FCB-4F2D-A82D-6D8A5CF06718}"
EndProject
Global
	GlobalSection(SolutionConfigurationPlatforms) = preSolution
		Debug|Any CPU = Debug|Any CPU
		Release|Any CPU = Release|Any CPU
	EndGlobalSection
	GlobalSection(ProjectConfigurationPlatforms) = postSolution
		{D3727E25-3FCB-4F2D-A82D-6D8A5CF06718}.Debug|Any CPU.ActiveCfg = Debug|Any CPU
		{D3727E25-3FCB-4F2D-A82D-6D8A5CF06718}.Debug|Any CPU.Build.0 = Debug|Any CPU
		{D3727E25-3FCB-4F2D-A82D-6D8A5CF06718}.Release|Any CPU.ActiveCfg = Release|Any CPU
		{D3727E25-3FCB-4F2D-A82D-6D8A5CF06718}.Release|Any CPU.Build.0 = Release|Any CPU
	EndGlobalSection
	GlobalSection(SolutionProperties) = preSolution
		HideSolutionNode = FALSE
	EndGlobalSection
EndGlobal
