
Microsoft Visual Studio Solution File, Format Version 10.00
# Visual Studio 2008
Project("{FAE04EC0-301F-11D3-BF4B-00C04F79EFBC}") = "BoundaryValueTest", "BoundaryValueTest\BoundaryValueTest.csproj", "{E5A88BC4-0397-4555-A77B-F3D50B778A54}"
EndProject
Global
	GlobalSection(SolutionConfigurationPlatforms) = preSolution
		Debug|Any CPU = Debug|Any CPU
		Release|Any CPU = Release|Any CPU
	EndGlobalSection
	GlobalSection(ProjectConfigurationPlatforms) = postSolution
		{E5A88BC4-0397-4555-A77B-F3D50B778A54}.Debug|Any CPU.ActiveCfg = Debug|Any CPU
		{E5A88BC4-0397-4555-A77B-F3D50B778A54}.Debug|Any CPU.Build.0 = Debug|Any CPU
		{E5A88BC4-0397-4555-A77B-F3D50B778A54}.Release|Any CPU.ActiveCfg = Release|Any CPU
		{E5A88BC4-0397-4555-A77B-F3D50B778A54}.Release|Any CPU.Build.0 = Release|Any CPU
	EndGlobalSection
	GlobalSection(SolutionProperties) = preSolution
		HideSolutionNode = FALSE
	EndGlobalSection
EndGlobal
