
Microsoft Visual Studio Solution File, Format Version 10.00
# Visual Studio 2008
Project("{FAE04EC0-301F-11D3-BF4B-00C04F79EFBC}") = "Property", "Property\Property.csproj", "{728F792D-C001-4316-A9A1-59AA29B26C27}"
EndProject
Global
	GlobalSection(SolutionConfigurationPlatforms) = preSolution
		Debug|Any CPU = Debug|Any CPU
		Release|Any CPU = Release|Any CPU
	EndGlobalSection
	GlobalSection(ProjectConfigurationPlatforms) = postSolution
		{728F792D-C001-4316-A9A1-59AA29B26C27}.Debug|Any CPU.ActiveCfg = Debug|Any CPU
		{728F792D-C001-4316-A9A1-59AA29B26C27}.Debug|Any CPU.Build.0 = Debug|Any CPU
		{728F792D-C001-4316-A9A1-59AA29B26C27}.Release|Any CPU.ActiveCfg = Release|Any CPU
		{728F792D-C001-4316-A9A1-59AA29B26C27}.Release|Any CPU.Build.0 = Release|Any CPU
	EndGlobalSection
	GlobalSection(SolutionProperties) = preSolution
		HideSolutionNode = FALSE
	EndGlobalSection
EndGlobal
