
Microsoft Visual Studio Solution File, Format Version 10.00
# Visual Studio 2008
Project("{FAE04EC0-301F-11D3-BF4B-00C04F79EFBC}") = "IfStatement", "IfStatement\IfStatement.csproj", "{F413AA0F-D468-49A1-A723-F90683582762}"
EndProject
Global
	GlobalSection(SolutionConfigurationPlatforms) = preSolution
		Debug|Any CPU = Debug|Any CPU
		Release|Any CPU = Release|Any CPU
	EndGlobalSection
	GlobalSection(ProjectConfigurationPlatforms) = postSolution
		{F413AA0F-D468-49A1-A723-F90683582762}.Debug|Any CPU.ActiveCfg = Debug|Any CPU
		{F413AA0F-D468-49A1-A723-F90683582762}.Debug|Any CPU.Build.0 = Debug|Any CPU
		{F413AA0F-D468-49A1-A723-F90683582762}.Release|Any CPU.ActiveCfg = Release|Any CPU
		{F413AA0F-D468-49A1-A723-F90683582762}.Release|Any CPU.Build.0 = Release|Any CPU
	EndGlobalSection
	GlobalSection(SolutionProperties) = preSolution
		HideSolutionNode = FALSE
	EndGlobalSection
EndGlobal
